
Microsoft Visual Studio Solution File, Format Version 12.00
# Visual Studio Version 16
VisualStudioVersion = 16.0.31005.135
MinimumVisualStudioVersion = 10.0.40219.1
Project("{FAE04EC0-301F-11D3-BF4B-00C04F79EFBC}") = "LincolnCardGame", "LincolnCardGame\LincolnCardGame.csproj", "{490D83E1-ED6C-4DB9-B1B5-E369CA2D09D7}"
EndProject
Global
	GlobalSection(SolutionConfigurationPlatforms) = preSolution
		Debug|Any CPU = Debug|Any CPU
		Release|Any CPU = Release|Any CPU
	EndGlobalSection
	GlobalSection(ProjectConfigurationPlatforms) = postSolution
		{490D83E1-ED6C-4DB9-B1B5-E369CA2D09D7}.Debug|Any CPU.ActiveCfg = Debug|Any CPU
		{490D83E1-ED6C-4DB9-B1B5-E369CA2D09D7}.Debug|Any CPU.Build.0 = Debug|Any CPU
		{490D83E1-ED6C-4DB9-B1B5-E369CA2D09D7}.Release|Any CPU.ActiveCfg = Release|Any CPU
		{490D83E1-ED6C-4DB9-B1B5-E369CA2D09D7}.Release|Any CPU.Build.0 = Release|Any CPU
	EndGlobalSection
	GlobalSection(SolutionProperties) = preSolution
		HideSolutionNode = FALSE
	EndGlobalSection
	GlobalSection(ExtensibilityGlobals) = postSolution
		SolutionGuid = {EEEC6FC9-2DB9-4F95-9F58-2561390FD2E5}
	EndGlobalSection
EndGlobal
